<?xml version="1.0" encoding="utf-8"?>
<Project ToolsVersion="4.0" xmlns="http://schemas.microsoft.com/developer/msbuild/2003">
  <ItemGroup>
    <Filter Include="Source Files">
      <UniqueIdentifier>{4FC737F1-C7A5-4376-A066-2A32D752A2FF}</UniqueIdentifier>
      <Extensions>cpp;c;cc;cxx;def;odl;idl;hpj;bat;asm;asmx</Extensions>
    </Filter>
    <Filter Include="Header Files">
      <UniqueIdentifier>{93995380-89BD-4b04-88EB-625FBE52EBFB}</UniqueIdentifier>
      <Extensions>h;hpp;hxx;hm;inl;inc;xsd</Extensions>
    </Filter>
    <Filter Include="Resource Files">
      <UniqueIdentifier>{67DA6AB6-F800-4c08-8B7A-83BB121AAD01}</UniqueIdentifier>
      <Extensions>rc;ico;cur;bmp;dlg;rc2;rct;bin;rgs;gif;jpg;jpeg;jpe;resx;tiff;tif;png;wav;mfcribbon-ms</Extensions>
    </Filter>
  </ItemGroup>
  <ItemGroup>
    <Text Include="ReadMe.txt" />
  </ItemGroup>
  <ItemGroup>
    <ClInclude Include="QFilterTreeProxyModel.h">
      <Filter>Header Files</Filter>
    </ClInclude>
    <ClInclude Include="QVTKApplication.h">
      <Filter>Header Files</Filter>
    </ClInclude>
    <ClInclude Include="QVTKInteractor.h">
      <Filter>Header Files</Filter>
    </ClInclude>
    <ClInclude Include="QVTKInteractorAdapter.h">
      <Filter>Header Files</Filter>
    </ClInclude>
    <ClInclude Include="QVTKInteractorInternal.h">
      <Filter>Header Files</Filter>
    </ClInclude>
    <ClInclude Include="QVTKPaintEngine.h">
      <Filter>Header Files</Filter>
    </ClInclude>
    <ClInclude Include="QVTKWidget.h">
      <Filter>Header Files</Filter>
    </ClInclude>
    <ClInclude Include="QVTKWin32Header.h">
      <Filter>Header Files</Filter>
    </ClInclude>
    <ClInclude Include="vtkEventQtSlotConnect.h">
      <Filter>Header Files</Filter>
    </ClInclude>
    <ClInclude Include="vtkGUISupportQtModule.h">
      <Filter>Header Files</Filter>
    </ClInclude>
    <ClInclude Include="vtkQtAbstractModelAdapter.h">
      <Filter>Header Files</Filter>
    </ClInclude>
    <ClInclude Include="vtkQtAnnotationLayersModelAdapter.h">
      <Filter>Header Files</Filter>
    </ClInclude>
    <ClInclude Include="vtkQtConnection.h">
      <Filter>Header Files</Filter>
    </ClInclude>
    <ClInclude Include="vtkQtDebugLeaksModel.h">
      <Filter>Header Files</Filter>
    </ClInclude>
    <ClInclude Include="vtkQtDebugLeaksView.h">
      <Filter>Header Files</Filter>
    </ClInclude>
    <ClInclude Include="vtkQtTableModelAdapter.h">
      <Filter>Header Files</Filter>
    </ClInclude>
    <ClInclude Include="vtkQtTreeModelAdapter.h">
      <Filter>Header Files</Filter>
    </ClInclude>
    <ClInclude Include="vtkTDxQtUnixDevices.h">
      <Filter>Header Files</Filter>
    </ClInclude>
  </ItemGroup>
  <ItemGroup>
    <None Include="QVTKWidget.xpm">
      <Filter>Header Files</Filter>
    </None>
    <None Include="moc_QFilterTreeProxyModel.cpp_parameters">
      <Filter>Source Files</Filter>
    </None>
    <None Include="moc_QVTKApplication.cpp_parameters">
      <Filter>Source Files</Filter>
    </None>
    <None Include="moc_QVTKInteractorAdapter.cpp_parameters">
      <Filter>Source Files</Filter>
    </None>
    <None Include="moc_QVTKInteractorInternal.cpp_parameters">
      <Filter>Source Files</Filter>
    </None>
    <None Include="moc_QVTKWidget.cpp_parameters">
      <Filter>Source Files</Filter>
    </None>
    <None Include="moc_vtkQtAbstractModelAdapter.cpp_parameters">
      <Filter>Source Files</Filter>
    </None>
    <None Include="moc_vtkQtAnnotationLayersModelAdapter.cpp_parameters">
      <Filter>Source Files</Filter>
    </None>
    <None Include="moc_vtkQtConnection.cpp_parameters">
      <Filter>Source Files</Filter>
    </None>
    <None Include="moc_vtkQtDebugLeaksModel.cpp_parameters">
      <Filter>Source Files</Filter>
    </None>
    <None Include="moc_vtkQtDebugLeaksView.cpp_parameters">
      <Filter>Source Files</Filter>
    </None>
    <None Include="moc_vtkQtTableModelAdapter.cpp_parameters">
      <Filter>Source Files</Filter>
    </None>
    <None Include="moc_vtkQtTreeModelAdapter.cpp_parameters">
      <Filter>Source Files</Filter>
    </None>
  </ItemGroup>
  <ItemGroup>
    <ClCompile Include="moc_QFilterTreeProxyModel.cpp">
      <Filter>Source Files</Filter>
    </ClCompile>
    <ClCompile Include="moc_QVTKApplication.cpp">
      <Filter>Source Files</Filter>
    </ClCompile>
    <ClCompile Include="moc_QVTKInteractorAdapter.cpp">
      <Filter>Source Files</Filter>
    </ClCompile>
    <ClCompile Include="moc_QVTKInteractorInternal.cpp">
      <Filter>Source Files</Filter>
    </ClCompile>
    <ClCompile Include="moc_QVTKWidget.cpp">
      <Filter>Source Files</Filter>
    </ClCompile>
    <ClCompile Include="moc_vtkQtAbstractModelAdapter.cpp">
      <Filter>Source Files</Filter>
    </ClCompile>
    <ClCompile Include="moc_vtkQtAnnotationLayersModelAdapter.cpp">
      <Filter>Source Files</Filter>
    </ClCompile>
    <ClCompile Include="moc_vtkQtConnection.cpp">
      <Filter>Source Files</Filter>
    </ClCompile>
    <ClCompile Include="moc_vtkQtDebugLeaksModel.cpp">
      <Filter>Source Files</Filter>
    </ClCompile>
    <ClCompile Include="moc_vtkQtDebugLeaksView.cpp">
      <Filter>Source Files</Filter>
    </ClCompile>
    <ClCompile Include="moc_vtkQtTableModelAdapter.cpp">
      <Filter>Source Files</Filter>
    </ClCompile>
    <ClCompile Include="moc_vtkQtTreeModelAdapter.cpp">
      <Filter>Source Files</Filter>
    </ClCompile>
    <ClCompile Include="QFilterTreeProxyModel.cxx">
      <Filter>Source Files</Filter>
    </ClCompile>
    <ClCompile Include="QVTKApplication.cxx">
      <Filter>Source Files</Filter>
    </ClCompile>
    <ClCompile Include="QVTKInteractor.cxx">
      <Filter>Source Files</Filter>
    </ClCompile>
    <ClCompile Include="QVTKInteractorAdapter.cxx">
      <Filter>Source Files</Filter>
    </ClCompile>
    <ClCompile Include="QVTKPaintEngine.cxx">
      <Filter>Source Files</Filter>
    </ClCompile>
    <ClCompile Include="QVTKWidget.cxx">
      <Filter>Source Files</Filter>
    </ClCompile>
    <ClCompile Include="vtkEventQtSlotConnect.cxx">
      <Filter>Source Files</Filter>
    </ClCompile>
    <ClCompile Include="vtkQtAbstractModelAdapter.cxx">
      <Filter>Source Files</Filter>
    </ClCompile>
    <ClCompile Include="vtkQtAnnotationLayersModelAdapter.cxx">
      <Filter>Source Files</Filter>
    </ClCompile>
    <ClCompile Include="vtkQtConnection.cxx">
      <Filter>Source Files</Filter>
    </ClCompile>
    <ClCompile Include="vtkQtDebugLeaksModel.cxx">
      <Filter>Source Files</Filter>
    </ClCompile>
    <ClCompile Include="vtkQtDebugLeaksView.cxx">
      <Filter>Source Files</Filter>
    </ClCompile>
    <ClCompile Include="vtkQtTableModelAdapter.cxx">
      <Filter>Source Files</Filter>
    </ClCompile>
    <ClCompile Include="vtkQtTreeModelAdapter.cxx">
      <Filter>Source Files</Filter>
    </ClCompile>
  </ItemGroup>
</Project>